
Microsoft Visual Studio Solution File, Format Version 12.00
Project("{FAE04EC0-301F-11D3-BF4B-00C04F79EFBC}") = "webapi", "webapi\webapi.csproj", "{08518424-6100-4FA4-96FC-43CF899835E2}"
EndProject
Project("{FAE04EC0-301F-11D3-BF4B-00C04F79EFBC}") = "Grains", "Grains\Grains.csproj", "{FC080FB2-274F-499B-AE7F-8ACCE2F99CBC}"
EndProject
Global
	GlobalSection(SolutionConfigurationPlatforms) = preSolution
		Debug|Any CPU = Debug|Any CPU
		Release|Any CPU = Release|Any CPU
	EndGlobalSection
	GlobalSection(ProjectConfigurationPlatforms) = postSolution
		{08518424-6100-4FA4-96FC-43CF899835E2}.Debug|Any CPU.ActiveCfg = Debug|Any CPU
		{08518424-6100-4FA4-96FC-43CF899835E2}.Debug|Any CPU.Build.0 = Debug|Any CPU
		{08518424-6100-4FA4-96FC-43CF899835E2}.Release|Any CPU.ActiveCfg = Release|Any CPU
		{08518424-6100-4FA4-96FC-43CF899835E2}.Release|Any CPU.Build.0 = Release|Any CPU
		{FC080FB2-274F-499B-AE7F-8ACCE2F99CBC}.Debug|Any CPU.ActiveCfg = Debug|Any CPU
		{FC080FB2-274F-499B-AE7F-8ACCE2F99CBC}.Debug|Any CPU.Build.0 = Debug|Any CPU
		{FC080FB2-274F-499B-AE7F-8ACCE2F99CBC}.Release|Any CPU.ActiveCfg = Release|Any CPU
		{FC080FB2-274F-499B-AE7F-8ACCE2F99CBC}.Release|Any CPU.Build.0 = Release|Any CPU
	EndGlobalSection
EndGlobal
